
Microsoft Visual Studio Solution File, Format Version 12.00
# Visual Studio Version 17
VisualStudioVersion = 17.5.33530.505
MinimumVisualStudioVersion = 10.0.40219.1
Project("{FAE04EC0-301F-11D3-BF4B-00C04F79EFBC}") = "ResponsiveNavigationMenu_HTML_CSS", "ResponsiveNavigationMenu_HTML_CSS\ResponsiveNavigationMenu_HTML_CSS.csproj", "{245CBCD5-8200-4AB4-A24E-9BF6F8EFAF5D}"
EndProject
Global
	GlobalSection(SolutionConfigurationPlatforms) = preSolution
		Debug|Any CPU = Debug|Any CPU
		Release|Any CPU = Release|Any CPU
	EndGlobalSection
	GlobalSection(ProjectConfigurationPlatforms) = postSolution
		{245CBCD5-8200-4AB4-A24E-9BF6F8EFAF5D}.Debug|Any CPU.ActiveCfg = Debug|Any CPU
		{245CBCD5-8200-4AB4-A24E-9BF6F8EFAF5D}.Debug|Any CPU.Build.0 = Debug|Any CPU
		{245CBCD5-8200-4AB4-A24E-9BF6F8EFAF5D}.Release|Any CPU.ActiveCfg = Release|Any CPU
		{245CBCD5-8200-4AB4-A24E-9BF6F8EFAF5D}.Release|Any CPU.Build.0 = Release|Any CPU
	EndGlobalSection
	GlobalSection(SolutionProperties) = preSolution
		HideSolutionNode = FALSE
	EndGlobalSection
	GlobalSection(ExtensibilityGlobals) = postSolution
		SolutionGuid = {2F8A301C-E472-40B3-A8E0-78D716A7E4D2}
	EndGlobalSection
EndGlobal
